<?xml version="1.0" encoding="UTF-8"?><CONFIG>  <ProjectOptions>    <Version Value="9"/>    <PathDelim Value="\"/>    <General>      <SessionStorage Value="InProjectDir"/>      <MainUnit Value="0"/>      <Title Value="ffmpegGUIta"/>      <ResourceType Value="res"/>      <UseXPManifest Value="True"/>      <Icon Value="0"/>    </General>    <i18n>      <EnableI18N LFM="False"/>    </i18n>    <VersionInfo>      <UseVersionInfo Value="True"/>      <RevisionNr Value="2"/>      <BuildNr Value="50"/>      <StringTable CompanyName="bayarookie" ProductVersion=""/>    </VersionInfo>    <BuildModes Count="1">      <Item1 Name="Default" Default="True"/>    </BuildModes>    <PublishOptions>      <Version Value="2"/>      <IncludeFileFilter Value="*.(pas|pp|inc|lfm|lpr|lrs|lpi|lpk|sh|xml)"/>      <ExcludeFileFilter Value="*.(bak|ppu|o|so);*~;backup"/>    </PublishOptions>    <RunParams>      <local>        <FormatVersion Value="1"/>        <CommandLineParams Value="&quot;\home\bayar\Загрузки\22 Jump Street (Мачо и ботан 2) 2014 WEB-DLRip\22 Jump Street (Мачо и ботан 2) 2014 WEB-DLRip.avi&quot;"/>        <LaunchingApplication PathPlusParams=""/>      </local>    </RunParams>    <RequiredPackages Count="4">      <Item1>        <PackageName Value="FCL"/>      </Item1>      <Item2>        <PackageName Value="LazUtils"/>      </Item2>      <Item3>        <PackageName Value="SynEdit"/>      </Item3>      <Item4>        <PackageName Value="LCL"/>      </Item4>    </RequiredPackages>    <Units Count="13">      <Unit0>        <Filename Value="ffmpegGUIta.lpr"/>        <IsPartOfProject Value="True"/>      </Unit0>      <Unit1>        <Filename Value="ufrmguita.pas"/>        <IsPartOfProject Value="True"/>        <ComponentName Value="frmGUIta"/>        <HasResources Value="True"/>        <ResourceBaseClass Value="Form"/>        <UnitName Value="ufrmGUIta"/>      </Unit1>      <Unit2>        <Filename Value="ubyutils.pas"/>        <IsPartOfProject Value="True"/>        <UnitName Value="ubyUtils"/>      </Unit2>      <Unit3>        <Filename Value="ufrmsplash.pas"/>        <IsPartOfProject Value="True"/>        <ComponentName Value="frmSplash"/>        <HasResources Value="True"/>        <ResourceBaseClass Value="Form"/>      </Unit3>      <Unit4>        <Filename Value="ufrmcompare.pas"/>        <IsPartOfProject Value="True"/>        <ComponentName Value="frmCompare"/>        <HasResources Value="True"/>        <ResourceBaseClass Value="Form"/>        <UnitName Value="ufrmcompare"/>      </Unit4>      <Unit5>        <Filename Value="uthreadconv.pas"/>        <IsPartOfProject Value="True"/>        <UnitName Value="uthreadconv"/>      </Unit5>      <Unit6>        <Filename Value="ujobinfo.pas"/>        <IsPartOfProject Value="True"/>        <UnitName Value="ujobinfo"/>      </Unit6>      <Unit7>        <Filename Value="uthreadtest.pas"/>        <IsPartOfProject Value="True"/>        <UnitName Value="uthreadtest"/>      </Unit7>      <Unit8>        <Filename Value="ufrmcrop.pas"/>        <IsPartOfProject Value="True"/>        <ComponentName Value="frmCrop"/>        <HasResources Value="True"/>        <ResourceBaseClass Value="Form"/>      </Unit8>      <Unit9>        <Filename Value="uthreadaddf.pas"/>        <IsPartOfProject Value="True"/>        <UnitName Value="uThreadAddF"/>      </Unit9>      <Unit10>        <Filename Value="uthreadexec.pas"/>        <IsPartOfProject Value="True"/>        <UnitName Value="uthreadexec"/>      </Unit10>      <Unit11>        <Filename Value="uniqueinstance2.pas"/>        <IsPartOfProject Value="True"/>        <UnitName Value="UniqueInstance2"/>      </Unit11>      <Unit12>        <Filename Value="ufrmgrab.pas"/>        <IsPartOfProject Value="True"/>        <ComponentName Value="frmGrab"/>        <ResourceBaseClass Value="Form"/>        <UnitName Value="ufrmgrab"/>      </Unit12>    </Units>  </ProjectOptions>  <CompilerOptions>    <Version Value="11"/>    <PathDelim Value="\"/>    <Target>      <Filename Value="..\ffmpegGUIta"/>    </Target>    <SearchPaths>      <IncludeFiles Value="$(LazarusDir)\ide;$(ProjOutDir)"/>      <UnitOutputDirectory Value="lib\$(TargetCPU)-$(TargetOS)"/>    </SearchPaths>    <Linking>      <Debugging>        <StripSymbols Value="True"/>        <UseExternalDbgSyms Value="True"/>      </Debugging>      <Options>        <Win32>          <GraphicApplication Value="True"/>        </Win32>      </Options>    </Linking>    <Other>      <Verbosity>        <ShowHints Value="False"/>      </Verbosity>      <CompilerPath Value="$(CompPath)"/>      <ExecuteBefore>        <Command Value="$(ProjPath)\_getsvnrev$(ExeExt).cmd $MakeDir($(LazarusDir))"/>        <CompileReasons Run="False"/>      </ExecuteBefore>    </Other>  </CompilerOptions>  <Debugging>    <Exceptions Count="3">      <Item1>        <Name Value="EAbort"/>      </Item1>      <Item2>        <Name Value="ECodetoolError"/>      </Item2>      <Item3>        <Name Value="EFOpenError"/>      </Item3>    </Exceptions>  </Debugging></CONFIG>